
Microsoft Visual Studio Solution File, Format Version 12.00
# Visual Studio 15
VisualStudioVersion = 15.0.27703.2026
MinimumVisualStudioVersion = 10.0.40219.1
Project("{FAE04EC0-301F-11D3-BF4B-00C04F79EFBC}") = "MovieDatabaseASPNET", "MovieDatabaseASPNET\MovieDatabaseASPNET.csproj", "{F0F9FEBC-1423-4923-9AFC-3E8CF2264BB4}"
EndProject
Global
	GlobalSection(SolutionConfigurationPlatforms) = preSolution
		Debug|Any CPU = Debug|Any CPU
		Release|Any CPU = Release|Any CPU
	EndGlobalSection
	GlobalSection(ProjectConfigurationPlatforms) = postSolution
		{F0F9FEBC-1423-4923-9AFC-3E8CF2264BB4}.Debug|Any CPU.ActiveCfg = Debug|Any CPU
		{F0F9FEBC-1423-4923-9AFC-3E8CF2264BB4}.Debug|Any CPU.Build.0 = Debug|Any CPU
		{F0F9FEBC-1423-4923-9AFC-3E8CF2264BB4}.Release|Any CPU.ActiveCfg = Release|Any CPU
		{F0F9FEBC-1423-4923-9AFC-3E8CF2264BB4}.Release|Any CPU.Build.0 = Release|Any CPU
	EndGlobalSection
	GlobalSection(SolutionProperties) = preSolution
		HideSolutionNode = FALSE
	EndGlobalSection
	GlobalSection(ExtensibilityGlobals) = postSolution
		SolutionGuid = {7D239682-1181-4162-9C58-903F59727E5A}
	EndGlobalSection
EndGlobal
